# This file is autogenerated, do not edit; changes may be undone by the next 'dep ensure'.


[[projects]]
  branch = "master"
  name = "github.com/lib/pq"
  packages = [".","oid"]
  revision = "83612a56d3dd153a94a629cd64925371c9adad78"

[[projects]]
  name = "github.com/pusher/pusher-http-go"
  packages = ["."]
  revision = "ea13abeb083c60527a59138c8c5b906574b7cef2"
  version = "v1.2.0"

[solve-meta]
  analyzer-name = "dep"
  analyzer-version = 1
  inputs-digest = "4e0f06a7e419d65944cfc8217b0a5642efc4ffd33a7fb3a815afeff729fb967a"
  solver-name = "gps-cdcl"
  solver-version = 1
