# This file is autogenerated, do not edit; changes may be undone by the next 'dep ensure'.


[[projects]]
  name = "github.com/pusher/pusher-http-go"
  packages = ["."]
  revision = "ea13abeb083c60527a59138c8c5b906574b7cef2"
  version = "v1.2.0"

[solve-meta]
  analyzer-name = "dep"
  analyzer-version = 1
  inputs-digest = "7cc6621d33e046283db60e1d5fbc8040b00a3b38b7b9496e26ca66838a1ea6da"
  solver-name = "gps-cdcl"
  solver-version = 1
